
Microsoft Visual Studio Solution File, Format Version 12.00
# Visual Studio Version 16
VisualStudioVersion = 16.0.29609.76
MinimumVisualStudioVersion = 10.0.40219.1
Project("{FAE04EC0-301F-11D3-BF4B-00C04F79EFBC}") = "IdentityAndAuthorizationServer", "IdentityAndAuthorizationServer\IdentityAndAuthorizationServer.csproj", "{5C5BD7DE-FBA7-41EB-A43A-58A017D177EB}"
EndProject
Global
	GlobalSection(SolutionConfigurationPlatforms) = preSolution
		Debug|Any CPU = Debug|Any CPU
		Release|Any CPU = Release|Any CPU
	EndGlobalSection
	GlobalSection(ProjectConfigurationPlatforms) = postSolution
		{5C5BD7DE-FBA7-41EB-A43A-58A017D177EB}.Debug|Any CPU.ActiveCfg = Debug|Any CPU
		{5C5BD7DE-FBA7-41EB-A43A-58A017D177EB}.Debug|Any CPU.Build.0 = Debug|Any CPU
		{5C5BD7DE-FBA7-41EB-A43A-58A017D177EB}.Release|Any CPU.ActiveCfg = Release|Any CPU
		{5C5BD7DE-FBA7-41EB-A43A-58A017D177EB}.Release|Any CPU.Build.0 = Release|Any CPU
	EndGlobalSection
	GlobalSection(SolutionProperties) = preSolution
		HideSolutionNode = FALSE
	EndGlobalSection
	GlobalSection(ExtensibilityGlobals) = postSolution
		SolutionGuid = {E2B4CA5B-F096-4B22-80A4-3B66DB29C733}
	EndGlobalSection
EndGlobal
